
Microsoft Visual Studio Solution File, Format Version 12.00
# Visual Studio Version 17
VisualStudioVersion = 17.7.34031.279
MinimumVisualStudioVersion = 10.0.40219.1
Project("{9A19103F-16F7-4668-BE54-9A1E7A4F7556}") = "Kalkulator Sederhana 23.82.1723", "Kalkulator Sederhana\Kalkulator Sederhana 23.82.1723.csproj", "{91BAF3AA-AB8C-48B1-B1B6-5FD80F310BE8}"
EndProject
Global
	GlobalSection(SolutionConfigurationPlatforms) = preSolution
		Debug|Any CPU = Debug|Any CPU
		Release|Any CPU = Release|Any CPU
	EndGlobalSection
	GlobalSection(ProjectConfigurationPlatforms) = postSolution
		{91BAF3AA-AB8C-48B1-B1B6-5FD80F310BE8}.Debug|Any CPU.ActiveCfg = Debug|Any CPU
		{91BAF3AA-AB8C-48B1-B1B6-5FD80F310BE8}.Debug|Any CPU.Build.0 = Debug|Any CPU
		{91BAF3AA-AB8C-48B1-B1B6-5FD80F310BE8}.Release|Any CPU.ActiveCfg = Release|Any CPU
		{91BAF3AA-AB8C-48B1-B1B6-5FD80F310BE8}.Release|Any CPU.Build.0 = Release|Any CPU
	EndGlobalSection
	GlobalSection(SolutionProperties) = preSolution
		HideSolutionNode = FALSE
	EndGlobalSection
	GlobalSection(ExtensibilityGlobals) = postSolution
		SolutionGuid = {B1A5C79B-6CC1-4A3F-BB5E-2A80323C1BB6}
	EndGlobalSection
EndGlobal
